// !$*UTF8*$!
{
	archiveVersion = 1;
	classes = {
	};
	objectVersion = 55;
	objects = {

/* Begin PBXBuildFile section */
		883BB47E28675B3900A0525E /* CategoryHome.swift in Sources */ = {isa = PBXBuildFile; fileRef = 883BB47D28675B3900A0525E /* CategoryHome.swift */; };
		883BB48128675FB500A0525E /* CategoryRow.swift in Sources */ = {isa = PBXBuildFile; fileRef = 883BB48028675FB500A0525E /* CategoryRow.swift */; };
		883BB4832867615700A0525E /* CategoryItem.swift in Sources */ = {isa = PBXBuildFile; fileRef = 883BB4822867615700A0525E /* CategoryItem.swift */; };
		883BB485286769C100A0525E /* Profile.swift in Sources */ = {isa = PBXBuildFile; fileRef = 883BB484286769C100A0525E /* Profile.swift */; };
		883BB48B28676D9100A0525E /* ProfileHost.swift in Sources */ = {isa = PBXBuildFile; fileRef = 883BB48A28676D9100A0525E /* ProfileHost.swift */; };
		883BB48D28676DF300A0525E /* ProfileSummary.swift in Sources */ = {isa = PBXBuildFile; fileRef = 883BB48C28676DF300A0525E /* ProfileSummary.swift */; };
		883BB48F28676FB500A0525E /* HikeBadge.swift in Sources */ = {isa = PBXBuildFile; fileRef = 883BB48E28676FB500A0525E /* HikeBadge.swift */; };
		883BB4912868ADFC00A0525E /* ProfileEditor.swift in Sources */ = {isa = PBXBuildFile; fileRef = 883BB4902868ADFC00A0525E /* ProfileEditor.swift */; };
		884866D42862AAC300035995 /* landmarkData.json in Resources */ = {isa = PBXBuildFile; fileRef = 884866D32862AAC300035995 /* landmarkData.json */; };
		884866D62862AADF00035995 /* Landmark.swift in Sources */ = {isa = PBXBuildFile; fileRef = 884866D52862AADF00035995 /* Landmark.swift */; };
		884866D82862B02900035995 /* ModelData.swift in Sources */ = {isa = PBXBuildFile; fileRef = 884866D72862B02900035995 /* ModelData.swift */; };
		884866DD2862B4B800035995 /* LandmarkRow.swift in Sources */ = {isa = PBXBuildFile; fileRef = 884866DC2862B4B800035995 /* LandmarkRow.swift */; };
		884866DF2862BB5F00035995 /* LandmarkList.swift in Sources */ = {isa = PBXBuildFile; fileRef = 884866DE2862BB5F00035995 /* LandmarkList.swift */; };
		884866E12862BF0200035995 /* LandmarkDetail.swift in Sources */ = {isa = PBXBuildFile; fileRef = 884866E02862BF0200035995 /* LandmarkDetail.swift */; };
		884866E32864981300035995 /* FavoriteButton.swift in Sources */ = {isa = PBXBuildFile; fileRef = 884866E22864981300035995 /* FavoriteButton.swift */; };
		884866E72865526A00035995 /* HexagonParameters.swift in Sources */ = {isa = PBXBuildFile; fileRef = 884866E62865526A00035995 /* HexagonParameters.swift */; };
		884866E92865541000035995 /* BadgeBackground.swift in Sources */ = {isa = PBXBuildFile; fileRef = 884866E82865541000035995 /* BadgeBackground.swift */; };
		884866EC28655B4B00035995 /* BadgeSymbol.swift in Sources */ = {isa = PBXBuildFile; fileRef = 884866EB28655B4B00035995 /* BadgeSymbol.swift */; };
		884866EE28655E3800035995 /* RotatedBadgeSymbol.swift in Sources */ = {isa = PBXBuildFile; fileRef = 884866ED28655E3800035995 /* RotatedBadgeSymbol.swift */; };
		884866F028655F2200035995 /* Badge.swift in Sources */ = {isa = PBXBuildFile; fileRef = 884866EF28655F2200035995 /* Badge.swift */; };
		884866F22865E4C900035995 /* hikeData.json in Resources */ = {isa = PBXBuildFile; fileRef = 884866F12865E4C800035995 /* hikeData.json */; };
		884866F42865E4E000035995 /* Hike.swift in Sources */ = {isa = PBXBuildFile; fileRef = 884866F32865E4E000035995 /* Hike.swift */; };
		884866FA2865E68A00035995 /* GraphCapsule.swift in Sources */ = {isa = PBXBuildFile; fileRef = 884866F62865E68A00035995 /* GraphCapsule.swift */; };
		884866FB2865E68A00035995 /* HikeGraph.swift in Sources */ = {isa = PBXBuildFile; fileRef = 884866F72865E68A00035995 /* HikeGraph.swift */; };
		884866FC2865E68A00035995 /* HikeDetail.swift in Sources */ = {isa = PBXBuildFile; fileRef = 884866F82865E68A00035995 /* HikeDetail.swift */; };
		884866FD2865E68A00035995 /* HikeView.swift in Sources */ = {isa = PBXBuildFile; fileRef = 884866F92865E68A00035995 /* HikeView.swift */; };
		88D600A628615D5000FD444F /* LandmarksApp.swift in Sources */ = {isa = PBXBuildFile; fileRef = 88D600A528615D5000FD444F /* LandmarksApp.swift */; };
		88D600A828615D5000FD444F /* ContentView.swift in Sources */ = {isa = PBXBuildFile; fileRef = 88D600A728615D5000FD444F /* ContentView.swift */; };
		88D600AA28615D5200FD444F /* Assets.xcassets in Resources */ = {isa = PBXBuildFile; fileRef = 88D600A928615D5200FD444F /* Assets.xcassets */; };
		88D600AD28615D5200FD444F /* Preview Assets.xcassets in Resources */ = {isa = PBXBuildFile; fileRef = 88D600AC28615D5200FD444F /* Preview Assets.xcassets */; };
		88D600B6286161E800FD444F /* CircleImage.swift in Sources */ = {isa = PBXBuildFile; fileRef = 88D600B5286161E800FD444F /* CircleImage.swift */; };
		88D600B82861632200FD444F /* MapView.swift in Sources */ = {isa = PBXBuildFile; fileRef = 88D600B72861632200FD444F /* MapView.swift */; };
/* End PBXBuildFile section */

/* Begin PBXFileReference section */
		883BB47D28675B3900A0525E /* CategoryHome.swift */ = {isa = PBXFileReference; lastKnownFileType = sourcecode.swift; path = CategoryHome.swift; sourceTree = "<group>"; };
		883BB48028675FB500A0525E /* CategoryRow.swift */ = {isa = PBXFileReference; lastKnownFileType = sourcecode.swift; path = CategoryRow.swift; sourceTree = "<group>"; };
		883BB4822867615700A0525E /* CategoryItem.swift */ = {isa = PBXFileReference; lastKnownFileType = sourcecode.swift; path = CategoryItem.swift; sourceTree = "<group>"; };
		883BB484286769C100A0525E /* Profile.swift */ = {isa = PBXFileReference; lastKnownFileType = sourcecode.swift; path = Profile.swift; sourceTree = "<group>"; };
		883BB48A28676D9100A0525E /* ProfileHost.swift */ = {isa = PBXFileReference; lastKnownFileType = sourcecode.swift; path = ProfileHost.swift; sourceTree = "<group>"; };
		883BB48C28676DF300A0525E /* ProfileSummary.swift */ = {isa = PBXFileReference; lastKnownFileType = sourcecode.swift; path = ProfileSummary.swift; sourceTree = "<group>"; };
		883BB48E28676FB500A0525E /* HikeBadge.swift */ = {isa = PBXFileReference; lastKnownFileType = sourcecode.swift; path = HikeBadge.swift; sourceTree = "<group>"; };
		883BB4902868ADFC00A0525E /* ProfileEditor.swift */ = {isa = PBXFileReference; lastKnownFileType = sourcecode.swift; path = ProfileEditor.swift; sourceTree = "<group>"; };
		884866D32862AAC300035995 /* landmarkData.json */ = {isa = PBXFileReference; fileEncoding = 4; lastKnownFileType = text.json; path = landmarkData.json; sourceTree = "<group>"; };
		884866D52862AADF00035995 /* Landmark.swift */ = {isa = PBXFileReference; lastKnownFileType = sourcecode.swift; path = Landmark.swift; sourceTree = "<group>"; };
		884866D72862B02900035995 /* ModelData.swift */ = {isa = PBXFileReference; lastKnownFileType = sourcecode.swift; path = ModelData.swift; sourceTree = "<group>"; };
		884866DC2862B4B800035995 /* LandmarkRow.swift */ = {isa = PBXFileReference; lastKnownFileType = sourcecode.swift; path = LandmarkRow.swift; sourceTree = "<group>"; };
		884866DE2862BB5F00035995 /* LandmarkList.swift */ = {isa = PBXFileReference; lastKnownFileType = sourcecode.swift; path = LandmarkList.swift; sourceTree = "<group>"; };
		884866E02862BF0200035995 /* LandmarkDetail.swift */ = {isa = PBXFileReference; lastKnownFileType = sourcecode.swift; path = LandmarkDetail.swift; sourceTree = "<group>"; };
		884866E22864981300035995 /* FavoriteButton.swift */ = {isa = PBXFileReference; lastKnownFileType = sourcecode.swift; path = FavoriteButton.swift; sourceTree = "<group>"; };
		884866E62865526A00035995 /* HexagonParameters.swift */ = {isa = PBXFileReference; lastKnownFileType = sourcecode.swift; path = HexagonParameters.swift; sourceTree = "<group>"; };
		884866E82865541000035995 /* BadgeBackground.swift */ = {isa = PBXFileReference; lastKnownFileType = sourcecode.swift; path = BadgeBackground.swift; sourceTree = "<group>"; };
		884866EB28655B4B00035995 /* BadgeSymbol.swift */ = {isa = PBXFileReference; lastKnownFileType = sourcecode.swift; path = BadgeSymbol.swift; sourceTree = "<group>"; };
		884866ED28655E3800035995 /* RotatedBadgeSymbol.swift */ = {isa = PBXFileReference; lastKnownFileType = sourcecode.swift; path = RotatedBadgeSymbol.swift; sourceTree = "<group>"; };
		884866EF28655F2200035995 /* Badge.swift */ = {isa = PBXFileReference; lastKnownFileType = sourcecode.swift; path = Badge.swift; sourceTree = "<group>"; };
		884866F12865E4C800035995 /* hikeData.json */ = {isa = PBXFileReference; fileEncoding = 4; lastKnownFileType = text.json; path = hikeData.json; sourceTree = "<group>"; };
		884866F32865E4E000035995 /* Hike.swift */ = {isa = PBXFileReference; lastKnownFileType = sourcecode.swift; path = Hike.swift; sourceTree = "<group>"; };
		884866F62865E68A00035995 /* GraphCapsule.swift */ = {isa = PBXFileReference; fileEncoding = 4; lastKnownFileType = sourcecode.swift; path = GraphCapsule.swift; sourceTree = "<group>"; };
		884866F72865E68A00035995 /* HikeGraph.swift */ = {isa = PBXFileReference; fileEncoding = 4; lastKnownFileType = sourcecode.swift; path = HikeGraph.swift; sourceTree = "<group>"; };
		884866F82865E68A00035995 /* HikeDetail.swift */ = {isa = PBXFileReference; fileEncoding = 4; lastKnownFileType = sourcecode.swift; path = HikeDetail.swift; sourceTree = "<group>"; };
		884866F92865E68A00035995 /* HikeView.swift */ = {isa = PBXFileReference; fileEncoding = 4; lastKnownFileType = sourcecode.swift; path = HikeView.swift; sourceTree = "<group>"; };
		88D600A228615D5000FD444F /* Landmarks.app */ = {isa = PBXFileReference; explicitFileType = wrapper.application; includeInIndex = 0; path = Landmarks.app; sourceTree = BUILT_PRODUCTS_DIR; };
		88D600A528615D5000FD444F /* LandmarksApp.swift */ = {isa = PBXFileReference; lastKnownFileType = sourcecode.swift; path = LandmarksApp.swift; sourceTree = "<group>"; };
		88D600A728615D5000FD444F /* ContentView.swift */ = {isa = PBXFileReference; lastKnownFileType = sourcecode.swift; path = ContentView.swift; sourceTree = "<group>"; };
		88D600A928615D5200FD444F /* Assets.xcassets */ = {isa = PBXFileReference; lastKnownFileType = folder.assetcatalog; path = Assets.xcassets; sourceTree = "<group>"; };
		88D600AC28615D5200FD444F /* Preview Assets.xcassets */ = {isa = PBXFileReference; lastKnownFileType = folder.assetcatalog; path = "Preview Assets.xcassets"; sourceTree = "<group>"; };
		88D600B5286161E800FD444F /* CircleImage.swift */ = {isa = PBXFileReference; lastKnownFileType = sourcecode.swift; path = CircleImage.swift; sourceTree = "<group>"; };
		88D600B72861632200FD444F /* MapView.swift */ = {isa = PBXFileReference; lastKnownFileType = sourcecode.swift; path = MapView.swift; sourceTree = "<group>"; };
/* End PBXFileReference section */

/* Begin PBXFrameworksBuildPhase section */
		88D6009F28615D5000FD444F /* Frameworks */ = {
			isa = PBXFrameworksBuildPhase;
			buildActionMask = 2147483647;
			files = (
			);
			runOnlyForDeploymentPostprocessing = 0;
		};
/* End PBXFrameworksBuildPhase section */

/* Begin PBXGroup section */
		883BB47F28675B4400A0525E /* Category */ = {
			isa = PBXGroup;
			children = (
				883BB47D28675B3900A0525E /* CategoryHome.swift */,
				883BB48028675FB500A0525E /* CategoryRow.swift */,
				883BB4822867615700A0525E /* CategoryItem.swift */,
			);
			path = Category;
			sourceTree = "<group>";
		};
		883BB48628676D4500A0525E /* Profiles */ = {
			isa = PBXGroup;
			children = (
				883BB484286769C100A0525E /* Profile.swift */,
			);
			path = Profiles;
			sourceTree = "<group>";
		};
		883BB48928676D8100A0525E /* Profiles */ = {
			isa = PBXGroup;
			children = (
				883BB48A28676D9100A0525E /* ProfileHost.swift */,
				883BB4902868ADFC00A0525E /* ProfileEditor.swift */,
				883BB48C28676DF300A0525E /* ProfileSummary.swift */,
			);
			path = Profiles;
			sourceTree = "<group>";
		};
		884866D92862B43300035995 /* Views */ = {
			isa = PBXGroup;
			children = (
				88D600A728615D5000FD444F /* ContentView.swift */,
				883BB48928676D8100A0525E /* Profiles */,
				883BB47F28675B4400A0525E /* Category */,
				884866E4286498D900035995 /* Landmarks */,
				884866F52865E68A00035995 /* Hikes */,
				884866E5286498E300035995 /* Helpers */,
			);
			path = Views;
			sourceTree = "<group>";
		};
		884866DA2862B44C00035995 /* Model */ = {
			isa = PBXGroup;
			children = (
				884866D52862AADF00035995 /* Landmark.swift */,
				884866D72862B02900035995 /* ModelData.swift */,
				884866F32865E4E000035995 /* Hike.swift */,
				883BB48628676D4500A0525E /* Profiles */,
			);
			path = Model;
			sourceTree = "<group>";
		};
		884866DB2862B46E00035995 /* Resources */ = {
			isa = PBXGroup;
			children = (
				884866D32862AAC300035995 /* landmarkData.json */,
				884866F12865E4C800035995 /* hikeData.json */,
			);
			path = Resources;
			sourceTree = "<group>";
		};
		884866E4286498D900035995 /* Landmarks */ = {
			isa = PBXGroup;
			children = (
				884866DE2862BB5F00035995 /* LandmarkList.swift */,
				884866E02862BF0200035995 /* LandmarkDetail.swift */,
				884866DC2862B4B800035995 /* LandmarkRow.swift */,
			);
			path = Landmarks;
			sourceTree = "<group>";
		};
		884866E5286498E300035995 /* Helpers */ = {
			isa = PBXGroup;
			children = (
				88D600B5286161E800FD444F /* CircleImage.swift */,
				88D600B72861632200FD444F /* MapView.swift */,
				884866E22864981300035995 /* FavoriteButton.swift */,
				884866EA28655A6800035995 /* Badges */,
			);
			path = Helpers;
			sourceTree = "<group>";
		};
		884866EA28655A6800035995 /* Badges */ = {
			isa = PBXGroup;
			children = (
				884866E82865541000035995 /* BadgeBackground.swift */,
				884866EB28655B4B00035995 /* BadgeSymbol.swift */,
				884866ED28655E3800035995 /* RotatedBadgeSymbol.swift */,
				884866E62865526A00035995 /* HexagonParameters.swift */,
				884866EF28655F2200035995 /* Badge.swift */,
			);
			path = Badges;
			sourceTree = "<group>";
		};
		884866F52865E68A00035995 /* Hikes */ = {
			isa = PBXGroup;
			children = (
				884866F62865E68A00035995 /* GraphCapsule.swift */,
				883BB48E28676FB500A0525E /* HikeBadge.swift */,
				884866F72865E68A00035995 /* HikeGraph.swift */,
				884866F82865E68A00035995 /* HikeDetail.swift */,
				884866F92865E68A00035995 /* HikeView.swift */,
			);
			path = Hikes;
			sourceTree = "<group>";
		};
		88D6009928615D5000FD444F = {
			isa = PBXGroup;
			children = (
				88D600A428615D5000FD444F /* Landmarks */,
				88D600A328615D5000FD444F /* Products */,
			);
			sourceTree = "<group>";
		};
		88D600A328615D5000FD444F /* Products */ = {
			isa = PBXGroup;
			children = (
				88D600A228615D5000FD444F /* Landmarks.app */,
			);
			name = Products;
			sourceTree = "<group>";
		};
		88D600A428615D5000FD444F /* Landmarks */ = {
			isa = PBXGroup;
			children = (
				88D600A528615D5000FD444F /* LandmarksApp.swift */,
				884866D92862B43300035995 /* Views */,
				884866DA2862B44C00035995 /* Model */,
				884866DB2862B46E00035995 /* Resources */,
				88D600A928615D5200FD444F /* Assets.xcassets */,
				88D600AB28615D5200FD444F /* Preview Content */,
			);
			path = Landmarks;
			sourceTree = "<group>";
		};
		88D600AB28615D5200FD444F /* Preview Content */ = {
			isa = PBXGroup;
			children = (
				88D600AC28615D5200FD444F /* Preview Assets.xcassets */,
			);
			path = "Preview Content";
			sourceTree = "<group>";
		};
/* End PBXGroup section */

/* Begin PBXNativeTarget section */
		88D600A128615D5000FD444F /* Landmarks */ = {
			isa = PBXNativeTarget;
			buildConfigurationList = 88D600B028615D5200FD444F /* Build configuration list for PBXNativeTarget "Landmarks" */;
			buildPhases = (
				88D6009E28615D5000FD444F /* Sources */,
				88D6009F28615D5000FD444F /* Frameworks */,
				88D600A028615D5000FD444F /* Resources */,
			);
			buildRules = (
			);
			dependencies = (
			);
			name = Landmarks;
			productName = Landmarks;
			productReference = 88D600A228615D5000FD444F /* Landmarks.app */;
			productType = "com.apple.product-type.application";
		};
/* End PBXNativeTarget section */

/* Begin PBXProject section */
		88D6009A28615D5000FD444F /* Project object */ = {
			isa = PBXProject;
			attributes = {
				BuildIndependentTargetsInParallel = 1;
				LastSwiftUpdateCheck = 1340;
				LastUpgradeCheck = 1340;
				TargetAttributes = {
					88D600A128615D5000FD444F = {
						CreatedOnToolsVersion = 13.4;
					};
				};
			};
			buildConfigurationList = 88D6009D28615D5000FD444F /* Build configuration list for PBXProject "Landmarks" */;
			compatibilityVersion = "Xcode 13.0";
			developmentRegion = en;
			hasScannedForEncodings = 0;
			knownRegions = (
				en,
				Base,
			);
			mainGroup = 88D6009928615D5000FD444F;
			productRefGroup = 88D600A328615D5000FD444F /* Products */;
			projectDirPath = "";
			projectRoot = "";
			targets = (
				88D600A128615D5000FD444F /* Landmarks */,
			);
		};
/* End PBXProject section */

/* Begin PBXResourcesBuildPhase section */
		88D600A028615D5000FD444F /* Resources */ = {
			isa = PBXResourcesBuildPhase;
			buildActionMask = 2147483647;
			files = (
				884866F22865E4C900035995 /* hikeData.json in Resources */,
				88D600AD28615D5200FD444F /* Preview Assets.xcassets in Resources */,
				88D600AA28615D5200FD444F /* Assets.xcassets in Resources */,
				884866D42862AAC300035995 /* landmarkData.json in Resources */,
			);
			runOnlyForDeploymentPostprocessing = 0;
		};
/* End PBXResourcesBuildPhase section */

/* Begin PBXSourcesBuildPhase section */
		88D6009E28615D5000FD444F /* Sources */ = {
			isa = PBXSourcesBuildPhase;
			buildActionMask = 2147483647;
			files = (
				883BB48128675FB500A0525E /* CategoryRow.swift in Sources */,
				883BB485286769C100A0525E /* Profile.swift in Sources */,
				88D600A828615D5000FD444F /* ContentView.swift in Sources */,
				883BB47E28675B3900A0525E /* CategoryHome.swift in Sources */,
				884866FB2865E68A00035995 /* HikeGraph.swift in Sources */,
				884866F028655F2200035995 /* Badge.swift in Sources */,
				88D600B82861632200FD444F /* MapView.swift in Sources */,
				884866FA2865E68A00035995 /* GraphCapsule.swift in Sources */,
				88D600A628615D5000FD444F /* LandmarksApp.swift in Sources */,
				884866E32864981300035995 /* FavoriteButton.swift in Sources */,
				883BB4832867615700A0525E /* CategoryItem.swift in Sources */,
				884866FC2865E68A00035995 /* HikeDetail.swift in Sources */,
				883BB48D28676DF300A0525E /* ProfileSummary.swift in Sources */,
				884866E72865526A00035995 /* HexagonParameters.swift in Sources */,
				883BB48B28676D9100A0525E /* ProfileHost.swift in Sources */,
				884866F42865E4E000035995 /* Hike.swift in Sources */,
				884866EE28655E3800035995 /* RotatedBadgeSymbol.swift in Sources */,
				884866EC28655B4B00035995 /* BadgeSymbol.swift in Sources */,
				883BB4912868ADFC00A0525E /* ProfileEditor.swift in Sources */,
				884866DF2862BB5F00035995 /* LandmarkList.swift in Sources */,
				884866FD2865E68A00035995 /* HikeView.swift in Sources */,
				884866E12862BF0200035995 /* LandmarkDetail.swift in Sources */,
				884866E92865541000035995 /* BadgeBackground.swift in Sources */,
				883BB48F28676FB500A0525E /* HikeBadge.swift in Sources */,
				88D600B6286161E800FD444F /* CircleImage.swift in Sources */,
				884866D62862AADF00035995 /* Landmark.swift in Sources */,
				884866DD2862B4B800035995 /* LandmarkRow.swift in Sources */,
				884866D82862B02900035995 /* ModelData.swift in Sources */,
			);
			runOnlyForDeploymentPostprocessing = 0;
		};
/* End PBXSourcesBuildPhase section */

/* Begin XCBuildConfiguration section */
		88D600AE28615D5200FD444F /* Debug */ = {
			isa = XCBuildConfiguration;
			buildSettings = {
				ALWAYS_SEARCH_USER_PATHS = NO;
				CLANG_ANALYZER_NONNULL = YES;
				CLANG_ANALYZER_NUMBER_OBJECT_CONVERSION = YES_AGGRESSIVE;
				CLANG_CXX_LANGUAGE_STANDARD = "gnu++17";
				CLANG_ENABLE_MODULES = YES;
				CLANG_ENABLE_OBJC_ARC = YES;
				CLANG_ENABLE_OBJC_WEAK = YES;
				CLANG_WARN_BLOCK_CAPTURE_AUTORELEASING = YES;
				CLANG_WARN_BOOL_CONVERSION = YES;
				CLANG_WARN_COMMA = YES;
				CLANG_WARN_CONSTANT_CONVERSION = YES;
				CLANG_WARN_DEPRECATED_OBJC_IMPLEMENTATIONS = YES;
				CLANG_WARN_DIRECT_OBJC_ISA_USAGE = YES_ERROR;
				CLANG_WARN_DOCUMENTATION_COMMENTS = YES;
				CLANG_WARN_EMPTY_BODY = YES;
				CLANG_WARN_ENUM_CONVERSION = YES;
				CLANG_WARN_INFINITE_RECURSION = YES;
				CLANG_WARN_INT_CONVERSION = YES;
				CLANG_WARN_NON_LITERAL_NULL_CONVERSION = YES;
				CLANG_WARN_OBJC_IMPLICIT_RETAIN_SELF = YES;
				CLANG_WARN_OBJC_LITERAL_CONVERSION = YES;
				CLANG_WARN_OBJC_ROOT_CLASS = YES_ERROR;
				CLANG_WARN_QUOTED_INCLUDE_IN_FRAMEWORK_HEADER = YES;
				CLANG_WARN_RANGE_LOOP_ANALYSIS = YES;
				CLANG_WARN_STRICT_PROTOTYPES = YES;
				CLANG_WARN_SUSPICIOUS_MOVE = YES;
				CLANG_WARN_UNGUARDED_AVAILABILITY = YES_AGGRESSIVE;
				CLANG_WARN_UNREACHABLE_CODE = YES;
				CLANG_WARN__DUPLICATE_METHOD_MATCH = YES;
				COPY_PHASE_STRIP = NO;
				DEBUG_INFORMATION_FORMAT = dwarf;
				ENABLE_STRICT_OBJC_MSGSEND = YES;
				ENABLE_TESTABILITY = YES;
				GCC_C_LANGUAGE_STANDARD = gnu11;
				GCC_DYNAMIC_NO_PIC = NO;
				GCC_NO_COMMON_BLOCKS = YES;
				GCC_OPTIMIZATION_LEVEL = 0;
				GCC_PREPROCESSOR_DEFINITIONS = (
					"DEBUG=1",
					"$(inherited)",
				);
				GCC_WARN_64_TO_32_BIT_CONVERSION = YES;
				GCC_WARN_ABOUT_RETURN_TYPE = YES_ERROR;
				GCC_WARN_UNDECLARED_SELECTOR = YES;
				GCC_WARN_UNINITIALIZED_AUTOS = YES_AGGRESSIVE;
				GCC_WARN_UNUSED_FUNCTION = YES;
				GCC_WARN_UNUSED_VARIABLE = YES;
				IPHONEOS_DEPLOYMENT_TARGET = 15.5;
				MTL_ENABLE_DEBUG_INFO = INCLUDE_SOURCE;
				MTL_FAST_MATH = YES;
				ONLY_ACTIVE_ARCH = YES;
				SDKROOT = iphoneos;
				SWIFT_ACTIVE_COMPILATION_CONDITIONS = DEBUG;
				SWIFT_OPTIMIZATION_LEVEL = "-Onone";
			};
			name = Debug;
		};
		88D600AF28615D5200FD444F /* Release */ = {
			isa = XCBuildConfiguration;
			buildSettings = {
				ALWAYS_SEARCH_USER_PATHS = NO;
				CLANG_ANALYZER_NONNULL = YES;
				CLANG_ANALYZER_NUMBER_OBJECT_CONVERSION = YES_AGGRESSIVE;
				CLANG_CXX_LANGUAGE_STANDARD = "gnu++17";
				CLANG_ENABLE_MODULES = YES;
				CLANG_ENABLE_OBJC_ARC = YES;
				CLANG_ENABLE_OBJC_WEAK = YES;
				CLANG_WARN_BLOCK_CAPTURE_AUTORELEASING = YES;
				CLANG_WARN_BOOL_CONVERSION = YES;
				CLANG_WARN_COMMA = YES;
				CLANG_WARN_CONSTANT_CONVERSION = YES;
				CLANG_WARN_DEPRECATED_OBJC_IMPLEMENTATIONS = YES;
				CLANG_WARN_DIRECT_OBJC_ISA_USAGE = YES_ERROR;
				CLANG_WARN_DOCUMENTATION_COMMENTS = YES;
				CLANG_WARN_EMPTY_BODY = YES;
				CLANG_WARN_ENUM_CONVERSION = YES;
				CLANG_WARN_INFINITE_RECURSION = YES;
				CLANG_WARN_INT_CONVERSION = YES;
				CLANG_WARN_NON_LITERAL_NULL_CONVERSION = YES;
				CLANG_WARN_OBJC_IMPLICIT_RETAIN_SELF = YES;
				CLANG_WARN_OBJC_LITERAL_CONVERSION = YES;
				CLANG_WARN_OBJC_ROOT_CLASS = YES_ERROR;
				CLANG_WARN_QUOTED_INCLUDE_IN_FRAMEWORK_HEADER = YES;
				CLANG_WARN_RANGE_LOOP_ANALYSIS = YES;
				CLANG_WARN_STRICT_PROTOTYPES = YES;
				CLANG_WARN_SUSPICIOUS_MOVE = YES;
				CLANG_WARN_UNGUARDED_AVAILABILITY = YES_AGGRESSIVE;
				CLANG_WARN_UNREACHABLE_CODE = YES;
				CLANG_WARN__DUPLICATE_METHOD_MATCH = YES;
				COPY_PHASE_STRIP = NO;
				DEBUG_INFORMATION_FORMAT = "dwarf-with-dsym";
				ENABLE_NS_ASSERTIONS = NO;
				ENABLE_STRICT_OBJC_MSGSEND = YES;
				GCC_C_LANGUAGE_STANDARD = gnu11;
				GCC_NO_COMMON_BLOCKS = YES;
				GCC_WARN_64_TO_32_BIT_CONVERSION = YES;
				GCC_WARN_ABOUT_RETURN_TYPE = YES_ERROR;
				GCC_WARN_UNDECLARED_SELECTOR = YES;
				GCC_WARN_UNINITIALIZED_AUTOS = YES_AGGRESSIVE;
				GCC_WARN_UNUSED_FUNCTION = YES;
				GCC_WARN_UNUSED_VARIABLE = YES;
				IPHONEOS_DEPLOYMENT_TARGET = 15.5;
				MTL_ENABLE_DEBUG_INFO = NO;
				MTL_FAST_MATH = YES;
				SDKROOT = iphoneos;
				SWIFT_COMPILATION_MODE = wholemodule;
				SWIFT_OPTIMIZATION_LEVEL = "-O";
				VALIDATE_PRODUCT = YES;
			};
			name = Release;
		};
		88D600B128615D5200FD444F /* Debug */ = {
			isa = XCBuildConfiguration;
			buildSettings = {
				ASSETCATALOG_COMPILER_APPICON_NAME = AppIcon;
				ASSETCATALOG_COMPILER_GLOBAL_ACCENT_COLOR_NAME = AccentColor;
				CODE_SIGN_STYLE = Automatic;
				CURRENT_PROJECT_VERSION = 1;
				DEVELOPMENT_ASSET_PATHS = "\"Landmarks/Preview Content\"";
				DEVELOPMENT_TEAM = T7U59T7T77;
				ENABLE_PREVIEWS = YES;
				GENERATE_INFOPLIST_FILE = YES;
				INFOPLIST_KEY_UIApplicationSceneManifest_Generation = YES;
				INFOPLIST_KEY_UIApplicationSupportsIndirectInputEvents = YES;
				INFOPLIST_KEY_UILaunchScreen_Generation = YES;
				INFOPLIST_KEY_UISupportedInterfaceOrientations_iPad = "UIInterfaceOrientationPortrait UIInterfaceOrientationPortraitUpsideDown UIInterfaceOrientationLandscapeLeft UIInterfaceOrientationLandscapeRight";
				INFOPLIST_KEY_UISupportedInterfaceOrientations_iPhone = "UIInterfaceOrientationPortrait UIInterfaceOrientationLandscapeLeft UIInterfaceOrientationLandscapeRight";
				LD_RUNPATH_SEARCH_PATHS = (
					"$(inherited)",
					"@executable_path/Frameworks",
				);
				MARKETING_VERSION = 1.0;
				PRODUCT_BUNDLE_IDENTIFIER = com.example.Landmarks;
				PRODUCT_NAME = "$(TARGET_NAME)";
				SWIFT_EMIT_LOC_STRINGS = YES;
				SWIFT_VERSION = 5.0;
				TARGETED_DEVICE_FAMILY = "1,2";
			};
			name = Debug;
		};
		88D600B228615D5200FD444F /* Release */ = {
			isa = XCBuildConfiguration;
			buildSettings = {
				ASSETCATALOG_COMPILER_APPICON_NAME = AppIcon;
				ASSETCATALOG_COMPILER_GLOBAL_ACCENT_COLOR_NAME = AccentColor;
				CODE_SIGN_STYLE = Automatic;
				CURRENT_PROJECT_VERSION = 1;
				DEVELOPMENT_ASSET_PATHS = "\"Landmarks/Preview Content\"";
				DEVELOPMENT_TEAM = T7U59T7T77;
				ENABLE_PREVIEWS = YES;
				GENERATE_INFOPLIST_FILE = YES;
				INFOPLIST_KEY_UIApplicationSceneManifest_Generation = YES;
				INFOPLIST_KEY_UIApplicationSupportsIndirectInputEvents = YES;
				INFOPLIST_KEY_UILaunchScreen_Generation = YES;
				INFOPLIST_KEY_UISupportedInterfaceOrientations_iPad = "UIInterfaceOrientationPortrait UIInterfaceOrientationPortraitUpsideDown UIInterfaceOrientationLandscapeLeft UIInterfaceOrientationLandscapeRight";
				INFOPLIST_KEY_UISupportedInterfaceOrientations_iPhone = "UIInterfaceOrientationPortrait UIInterfaceOrientationLandscapeLeft UIInterfaceOrientationLandscapeRight";
				LD_RUNPATH_SEARCH_PATHS = (
					"$(inherited)",
					"@executable_path/Frameworks",
				);
				MARKETING_VERSION = 1.0;
				PRODUCT_BUNDLE_IDENTIFIER = com.example.Landmarks;
				PRODUCT_NAME = "$(TARGET_NAME)";
				SWIFT_EMIT_LOC_STRINGS = YES;
				SWIFT_VERSION = 5.0;
				TARGETED_DEVICE_FAMILY = "1,2";
			};
			name = Release;
		};
/* End XCBuildConfiguration section */

/* Begin XCConfigurationList section */
		88D6009D28615D5000FD444F /* Build configuration list for PBXProject "Landmarks" */ = {
			isa = XCConfigurationList;
			buildConfigurations = (
				88D600AE28615D5200FD444F /* Debug */,
				88D600AF28615D5200FD444F /* Release */,
			);
			defaultConfigurationIsVisible = 0;
			defaultConfigurationName = Release;
		};
		88D600B028615D5200FD444F /* Build configuration list for PBXNativeTarget "Landmarks" */ = {
			isa = XCConfigurationList;
			buildConfigurations = (
				88D600B128615D5200FD444F /* Debug */,
				88D600B228615D5200FD444F /* Release */,
			);
			defaultConfigurationIsVisible = 0;
			defaultConfigurationName = Release;
		};
/* End XCConfigurationList section */
	};
	rootObject = 88D6009A28615D5000FD444F /* Project object */;
}
